
Microsoft Visual Studio Solution File, Format Version 12.00
# Visual Studio Version 16
VisualStudioVersion = 16.0.31424.327
MinimumVisualStudioVersion = 10.0.40219.1
Project("{9A19103F-16F7-4668-BE54-9A1E7A4F7556}") = "Snake_And_Ladder", "Snake_And_Ladder\Snake_And_Ladder.csproj", "{2FAA4998-5A1E-4F1B-A7BD-BFDF2FA4B618}"
EndProject
Project("{9A19103F-16F7-4668-BE54-9A1E7A4F7556}") = "UC_2_diceRoll", "UC_2_diceRoll\UC_2_diceRoll.csproj", "{4FAA9985-E8D6-4095-A480-FC2264ED3620}"
EndProject
Project("{9A19103F-16F7-4668-BE54-9A1E7A4F7556}") = "UC_3_optionsCheck", "UC_3_optionsCheck\UC_3_optionsCheck.csproj", "{7DC93F4B-4AC3-4002-BE6B-EB903508B05B}"
EndProject
Project("{9A19103F-16F7-4668-BE54-9A1E7A4F7556}") = "UC_4_repeatTillPosition100", "UC_4_repeatTillPosition100\UC_4_repeatTillPosition100.csproj", "{DB31F1AA-9702-4DE5-B872-9B4511F29BDA}"
EndProject
Project("{9A19103F-16F7-4668-BE54-9A1E7A4F7556}") = "UC_5_exactWinningPosition100", "UC_5_exactWinningPosition100\UC_5_exactWinningPosition100.csproj", "{82198007-438E-4F81-966D-E764E92485C3}"
EndProject
Project("{9A19103F-16F7-4668-BE54-9A1E7A4F7556}") = "UC_6_numberOfTimeDiceRolled", "UC_6_numberOfTimeDiceRolled\UC_6_numberOfTimeDiceRolled.csproj", "{DBD9BF35-6815-43C8-8EB1-81F7FDB2BEE5}"
EndProject
Project("{FAE04EC0-301F-11D3-BF4B-00C04F79EFBC}") = "UC_7_twoPlayers", "UC_7_twoPlayers\UC_7_twoPlayers.csproj", "{7D884B7E-B59F-426F-B35C-E6FE3F08FBB3}"
EndProject
Global
	GlobalSection(SolutionConfigurationPlatforms) = preSolution
		Debug|Any CPU = Debug|Any CPU
		Release|Any CPU = Release|Any CPU
	EndGlobalSection
	GlobalSection(ProjectConfigurationPlatforms) = postSolution
		{2FAA4998-5A1E-4F1B-A7BD-BFDF2FA4B618}.Debug|Any CPU.ActiveCfg = Debug|Any CPU
		{2FAA4998-5A1E-4F1B-A7BD-BFDF2FA4B618}.Debug|Any CPU.Build.0 = Debug|Any CPU
		{2FAA4998-5A1E-4F1B-A7BD-BFDF2FA4B618}.Release|Any CPU.ActiveCfg = Release|Any CPU
		{2FAA4998-5A1E-4F1B-A7BD-BFDF2FA4B618}.Release|Any CPU.Build.0 = Release|Any CPU
		{4FAA9985-E8D6-4095-A480-FC2264ED3620}.Debug|Any CPU.ActiveCfg = Debug|Any CPU
		{4FAA9985-E8D6-4095-A480-FC2264ED3620}.Debug|Any CPU.Build.0 = Debug|Any CPU
		{4FAA9985-E8D6-4095-A480-FC2264ED3620}.Release|Any CPU.ActiveCfg = Release|Any CPU
		{4FAA9985-E8D6-4095-A480-FC2264ED3620}.Release|Any CPU.Build.0 = Release|Any CPU
		{7DC93F4B-4AC3-4002-BE6B-EB903508B05B}.Debug|Any CPU.ActiveCfg = Debug|Any CPU
		{7DC93F4B-4AC3-4002-BE6B-EB903508B05B}.Debug|Any CPU.Build.0 = Debug|Any CPU
		{7DC93F4B-4AC3-4002-BE6B-EB903508B05B}.Release|Any CPU.ActiveCfg = Release|Any CPU
		{7DC93F4B-4AC3-4002-BE6B-EB903508B05B}.Release|Any CPU.Build.0 = Release|Any CPU
		{DB31F1AA-9702-4DE5-B872-9B4511F29BDA}.Debug|Any CPU.ActiveCfg = Debug|Any CPU
		{DB31F1AA-9702-4DE5-B872-9B4511F29BDA}.Debug|Any CPU.Build.0 = Debug|Any CPU
		{DB31F1AA-9702-4DE5-B872-9B4511F29BDA}.Release|Any CPU.ActiveCfg = Release|Any CPU
		{DB31F1AA-9702-4DE5-B872-9B4511F29BDA}.Release|Any CPU.Build.0 = Release|Any CPU
		{82198007-438E-4F81-966D-E764E92485C3}.Debug|Any CPU.ActiveCfg = Debug|Any CPU
		{82198007-438E-4F81-966D-E764E92485C3}.Debug|Any CPU.Build.0 = Debug|Any CPU
		{82198007-438E-4F81-966D-E764E92485C3}.Release|Any CPU.ActiveCfg = Release|Any CPU
		{82198007-438E-4F81-966D-E764E92485C3}.Release|Any CPU.Build.0 = Release|Any CPU
		{DBD9BF35-6815-43C8-8EB1-81F7FDB2BEE5}.Debug|Any CPU.ActiveCfg = Debug|Any CPU
		{DBD9BF35-6815-43C8-8EB1-81F7FDB2BEE5}.Debug|Any CPU.Build.0 = Debug|Any CPU
		{DBD9BF35-6815-43C8-8EB1-81F7FDB2BEE5}.Release|Any CPU.ActiveCfg = Release|Any CPU
		{DBD9BF35-6815-43C8-8EB1-81F7FDB2BEE5}.Release|Any CPU.Build.0 = Release|Any CPU
		{7D884B7E-B59F-426F-B35C-E6FE3F08FBB3}.Debug|Any CPU.ActiveCfg = Debug|Any CPU
		{7D884B7E-B59F-426F-B35C-E6FE3F08FBB3}.Debug|Any CPU.Build.0 = Debug|Any CPU
		{7D884B7E-B59F-426F-B35C-E6FE3F08FBB3}.Release|Any CPU.ActiveCfg = Release|Any CPU
		{7D884B7E-B59F-426F-B35C-E6FE3F08FBB3}.Release|Any CPU.Build.0 = Release|Any CPU
	EndGlobalSection
	GlobalSection(SolutionProperties) = preSolution
		HideSolutionNode = FALSE
	EndGlobalSection
	GlobalSection(ExtensibilityGlobals) = postSolution
		SolutionGuid = {36418B25-A462-4197-A1CF-93759A1AEF49}
	EndGlobalSection
EndGlobal
